// !$*UTF8*$!
{
	archiveVersion = 1;
	classes = {
	};
	objectVersion = 46;
	objects = {

/* Begin PBXBuildFile section */
		1EE6392F2006F5B900B96EA8 /* AppDelegate.swift in Sources */ = {isa = PBXBuildFile; fileRef = 1EE6392E2006F5B900B96EA8 /* AppDelegate.swift */; };
		1EE639312006F5B900B96EA8 /* ViewController.swift in Sources */ = {isa = PBXBuildFile; fileRef = 1EE639302006F5B900B96EA8 /* ViewController.swift */; };
		1EE639342006F5B900B96EA8 /* Main.storyboard in Resources */ = {isa = PBXBuildFile; fileRef = 1EE639322006F5B900B96EA8 /* Main.storyboard */; };
		1EE639362006F5B900B96EA8 /* Assets.xcassets in Resources */ = {isa = PBXBuildFile; fileRef = 1EE639352006F5B900B96EA8 /* Assets.xcassets */; };
		1EE639392006F5B900B96EA8 /* LaunchScreen.storyboard in Resources */ = {isa = PBXBuildFile; fileRef = 1EE639372006F5B900B96EA8 /* LaunchScreen.storyboard */; };
		1EE639442006F5BA00B96EA8 /* TipCalculatorTests.swift in Sources */ = {isa = PBXBuildFile; fileRef = 1EE639432006F5BA00B96EA8 /* TipCalculatorTests.swift */; };
		1EE6394F2006F5BA00B96EA8 /* TipCalculatorUITests.swift in Sources */ = {isa = PBXBuildFile; fileRef = 1EE6394E2006F5BA00B96EA8 /* TipCalculatorUITests.swift */; };
/* End PBXBuildFile section */

/* Begin PBXContainerItemProxy section */
		1EE639402006F5BA00B96EA8 /* PBXContainerItemProxy */ = {
			isa = PBXContainerItemProxy;
			containerPortal = 1EE639232006F5B800B96EA8 /* Project object */;
			proxyType = 1;
			remoteGlobalIDString = 1EE6392A2006F5B800B96EA8;
			remoteInfo = TipCalculator;
		};
		1EE6394B2006F5BA00B96EA8 /* PBXContainerItemProxy */ = {
			isa = PBXContainerItemProxy;
			containerPortal = 1EE639232006F5B800B96EA8 /* Project object */;
			proxyType = 1;
			remoteGlobalIDString = 1EE6392A2006F5B800B96EA8;
			remoteInfo = TipCalculator;
		};
/* End PBXContainerItemProxy section */

/* Begin PBXFileReference section */
		1EE6392B2006F5B900B96EA8 /* TipCalculator.app */ = {isa = PBXFileReference; explicitFileType = wrapper.application; includeInIndex = 0; path = TipCalculator.app; sourceTree = BUILT_PRODUCTS_DIR; };
		1EE6392E2006F5B900B96EA8 /* AppDelegate.swift */ = {isa = PBXFileReference; lastKnownFileType = sourcecode.swift; path = AppDelegate.swift; sourceTree = "<group>"; };
		1EE639302006F5B900B96EA8 /* ViewController.swift */ = {isa = PBXFileReference; lastKnownFileType = sourcecode.swift; path = ViewController.swift; sourceTree = "<group>"; };
		1EE639332006F5B900B96EA8 /* Base */ = {isa = PBXFileReference; lastKnownFileType = file.storyboard; name = Base; path = Base.lproj/Main.storyboard; sourceTree = "<group>"; };
		1EE639352006F5B900B96EA8 /* Assets.xcassets */ = {isa = PBXFileReference; lastKnownFileType = folder.assetcatalog; path = Assets.xcassets; sourceTree = "<group>"; };
		1EE639382006F5B900B96EA8 /* Base */ = {isa = PBXFileReference; lastKnownFileType = file.storyboard; name = Base; path = Base.lproj/LaunchScreen.storyboard; sourceTree = "<group>"; };
		1EE6393A2006F5B900B96EA8 /* Info.plist */ = {isa = PBXFileReference; lastKnownFileType = text.plist.xml; path = Info.plist; sourceTree = "<group>"; };
		1EE6393F2006F5BA00B96EA8 /* TipCalculatorTests.xctest */ = {isa = PBXFileReference; explicitFileType = wrapper.cfbundle; includeInIndex = 0; path = TipCalculatorTests.xctest; sourceTree = BUILT_PRODUCTS_DIR; };
		1EE639432006F5BA00B96EA8 /* TipCalculatorTests.swift */ = {isa = PBXFileReference; lastKnownFileType = sourcecode.swift; path = TipCalculatorTests.swift; sourceTree = "<group>"; };
		1EE639452006F5BA00B96EA8 /* Info.plist */ = {isa = PBXFileReference; lastKnownFileType = text.plist.xml; path = Info.plist; sourceTree = "<group>"; };
		1EE6394A2006F5BA00B96EA8 /* TipCalculatorUITests.xctest */ = {isa = PBXFileReference; explicitFileType = wrapper.cfbundle; includeInIndex = 0; path = TipCalculatorUITests.xctest; sourceTree = BUILT_PRODUCTS_DIR; };
		1EE6394E2006F5BA00B96EA8 /* TipCalculatorUITests.swift */ = {isa = PBXFileReference; lastKnownFileType = sourcecode.swift; path = TipCalculatorUITests.swift; sourceTree = "<group>"; };
		1EE639502006F5BA00B96EA8 /* Info.plist */ = {isa = PBXFileReference; lastKnownFileType = text.plist.xml; path = Info.plist; sourceTree = "<group>"; };
/* End PBXFileReference section */

/* Begin PBXFrameworksBuildPhase section */
		1EE639282006F5B800B96EA8 /* Frameworks */ = {
			isa = PBXFrameworksBuildPhase;
			buildActionMask = 2147483647;
			files = (
			);
			runOnlyForDeploymentPostprocessing = 0;
		};
		1EE6393C2006F5BA00B96EA8 /* Frameworks */ = {
			isa = PBXFrameworksBuildPhase;
			buildActionMask = 2147483647;
			files = (
			);
			runOnlyForDeploymentPostprocessing = 0;
		};
		1EE639472006F5BA00B96EA8 /* Frameworks */ = {
			isa = PBXFrameworksBuildPhase;
			buildActionMask = 2147483647;
			files = (
			);
			runOnlyForDeploymentPostprocessing = 0;
		};
/* End PBXFrameworksBuildPhase section */

/* Begin PBXGroup section */
		1EE639222006F5B800B96EA8 = {
			isa = PBXGroup;
			children = (
				1EE6392D2006F5B900B96EA8 /* TipCalculator */,
				1EE639422006F5BA00B96EA8 /* TipCalculatorTests */,
				1EE6394D2006F5BA00B96EA8 /* TipCalculatorUITests */,
				1EE6392C2006F5B900B96EA8 /* Products */,
			);
			sourceTree = "<group>";
		};
		1EE6392C2006F5B900B96EA8 /* Products */ = {
			isa = PBXGroup;
			children = (
				1EE6392B2006F5B900B96EA8 /* TipCalculator.app */,
				1EE6393F2006F5BA00B96EA8 /* TipCalculatorTests.xctest */,
				1EE6394A2006F5BA00B96EA8 /* TipCalculatorUITests.xctest */,
			);
			name = Products;
			sourceTree = "<group>";
		};
		1EE6392D2006F5B900B96EA8 /* TipCalculator */ = {
			isa = PBXGroup;
			children = (
				1EE6392E2006F5B900B96EA8 /* AppDelegate.swift */,
				1EE639302006F5B900B96EA8 /* ViewController.swift */,
				1EE639322006F5B900B96EA8 /* Main.storyboard */,
				1EE639352006F5B900B96EA8 /* Assets.xcassets */,
				1EE639372006F5B900B96EA8 /* LaunchScreen.storyboard */,
				1EE6393A2006F5B900B96EA8 /* Info.plist */,
			);
			path = TipCalculator;
			sourceTree = "<group>";
		};
		1EE639422006F5BA00B96EA8 /* TipCalculatorTests */ = {
			isa = PBXGroup;
			children = (
				1EE639432006F5BA00B96EA8 /* TipCalculatorTests.swift */,
				1EE639452006F5BA00B96EA8 /* Info.plist */,
			);
			path = TipCalculatorTests;
			sourceTree = "<group>";
		};
		1EE6394D2006F5BA00B96EA8 /* TipCalculatorUITests */ = {
			isa = PBXGroup;
			children = (
				1EE6394E2006F5BA00B96EA8 /* TipCalculatorUITests.swift */,
				1EE639502006F5BA00B96EA8 /* Info.plist */,
			);
			path = TipCalculatorUITests;
			sourceTree = "<group>";
		};
/* End PBXGroup section */

/* Begin PBXNativeTarget section */
		1EE6392A2006F5B800B96EA8 /* TipCalculator */ = {
			isa = PBXNativeTarget;
			buildConfigurationList = 1EE639532006F5BA00B96EA8 /* Build configuration list for PBXNativeTarget "TipCalculator" */;
			buildPhases = (
				1EE639272006F5B800B96EA8 /* Sources */,
				1EE639282006F5B800B96EA8 /* Frameworks */,
				1EE639292006F5B800B96EA8 /* Resources */,
			);
			buildRules = (
			);
			dependencies = (
			);
			name = TipCalculator;
			productName = TipCalculator;
			productReference = 1EE6392B2006F5B900B96EA8 /* TipCalculator.app */;
			productType = "com.apple.product-type.application";
		};
		1EE6393E2006F5BA00B96EA8 /* TipCalculatorTests */ = {
			isa = PBXNativeTarget;
			buildConfigurationList = 1EE639562006F5BA00B96EA8 /* Build configuration list for PBXNativeTarget "TipCalculatorTests" */;
			buildPhases = (
				1EE6393B2006F5BA00B96EA8 /* Sources */,
				1EE6393C2006F5BA00B96EA8 /* Frameworks */,
				1EE6393D2006F5BA00B96EA8 /* Resources */,
			);
			buildRules = (
			);
			dependencies = (
				1EE639412006F5BA00B96EA8 /* PBXTargetDependency */,
			);
			name = TipCalculatorTests;
			productName = TipCalculatorTests;
			productReference = 1EE6393F2006F5BA00B96EA8 /* TipCalculatorTests.xctest */;
			productType = "com.apple.product-type.bundle.unit-test";
		};
		1EE639492006F5BA00B96EA8 /* TipCalculatorUITests */ = {
			isa = PBXNativeTarget;
			buildConfigurationList = 1EE639592006F5BA00B96EA8 /* Build configuration list for PBXNativeTarget "TipCalculatorUITests" */;
			buildPhases = (
				1EE639462006F5BA00B96EA8 /* Sources */,
				1EE639472006F5BA00B96EA8 /* Frameworks */,
				1EE639482006F5BA00B96EA8 /* Resources */,
			);
			buildRules = (
			);
			dependencies = (
				1EE6394C2006F5BA00B96EA8 /* PBXTargetDependency */,
			);
			name = TipCalculatorUITests;
			productName = TipCalculatorUITests;
			productReference = 1EE6394A2006F5BA00B96EA8 /* TipCalculatorUITests.xctest */;
			productType = "com.apple.product-type.bundle.ui-testing";
		};
/* End PBXNativeTarget section */

/* Begin PBXProject section */
		1EE639232006F5B800B96EA8 /* Project object */ = {
			isa = PBXProject;
			attributes = {
				LastSwiftUpdateCheck = 0830;
				LastUpgradeCheck = 0830;
				ORGANIZATIONNAME = "Henry Wilson";
				TargetAttributes = {
					1EE6392A2006F5B800B96EA8 = {
						CreatedOnToolsVersion = 8.3.3;
						ProvisioningStyle = Automatic;
					};
					1EE6393E2006F5BA00B96EA8 = {
						CreatedOnToolsVersion = 8.3.3;
						ProvisioningStyle = Automatic;
						TestTargetID = 1EE6392A2006F5B800B96EA8;
					};
					1EE639492006F5BA00B96EA8 = {
						CreatedOnToolsVersion = 8.3.3;
						ProvisioningStyle = Automatic;
						TestTargetID = 1EE6392A2006F5B800B96EA8;
					};
				};
			};
			buildConfigurationList = 1EE639262006F5B800B96EA8 /* Build configuration list for PBXProject "TipCalculator" */;
			compatibilityVersion = "Xcode 3.2";
			developmentRegion = English;
			hasScannedForEncodings = 0;
			knownRegions = (
				en,
				Base,
			);
			mainGroup = 1EE639222006F5B800B96EA8;
			productRefGroup = 1EE6392C2006F5B900B96EA8 /* Products */;
			projectDirPath = "";
			projectRoot = "";
			targets = (
				1EE6392A2006F5B800B96EA8 /* TipCalculator */,
				1EE6393E2006F5BA00B96EA8 /* TipCalculatorTests */,
				1EE639492006F5BA00B96EA8 /* TipCalculatorUITests */,
			);
		};
/* End PBXProject section */

/* Begin PBXResourcesBuildPhase section */
		1EE639292006F5B800B96EA8 /* Resources */ = {
			isa = PBXResourcesBuildPhase;
			buildActionMask = 2147483647;
			files = (
				1EE639392006F5B900B96EA8 /* LaunchScreen.storyboard in Resources */,
				1EE639362006F5B900B96EA8 /* Assets.xcassets in Resources */,
				1EE639342006F5B900B96EA8 /* Main.storyboard in Resources */,
			);
			runOnlyForDeploymentPostprocessing = 0;
		};
		1EE6393D2006F5BA00B96EA8 /* Resources */ = {
			isa = PBXResourcesBuildPhase;
			buildActionMask = 2147483647;
			files = (
			);
			runOnlyForDeploymentPostprocessing = 0;
		};
		1EE639482006F5BA00B96EA8 /* Resources */ = {
			isa = PBXResourcesBuildPhase;
			buildActionMask = 2147483647;
			files = (
			);
			runOnlyForDeploymentPostprocessing = 0;
		};
/* End PBXResourcesBuildPhase section */

/* Begin PBXSourcesBuildPhase section */
		1EE639272006F5B800B96EA8 /* Sources */ = {
			isa = PBXSourcesBuildPhase;
			buildActionMask = 2147483647;
			files = (
				1EE639312006F5B900B96EA8 /* ViewController.swift in Sources */,
				1EE6392F2006F5B900B96EA8 /* AppDelegate.swift in Sources */,
			);
			runOnlyForDeploymentPostprocessing = 0;
		};
		1EE6393B2006F5BA00B96EA8 /* Sources */ = {
			isa = PBXSourcesBuildPhase;
			buildActionMask = 2147483647;
			files = (
				1EE639442006F5BA00B96EA8 /* TipCalculatorTests.swift in Sources */,
			);
			runOnlyForDeploymentPostprocessing = 0;
		};
		1EE639462006F5BA00B96EA8 /* Sources */ = {
			isa = PBXSourcesBuildPhase;
			buildActionMask = 2147483647;
			files = (
				1EE6394F2006F5BA00B96EA8 /* TipCalculatorUITests.swift in Sources */,
			);
			runOnlyForDeploymentPostprocessing = 0;
		};
/* End PBXSourcesBuildPhase section */

/* Begin PBXTargetDependency section */
		1EE639412006F5BA00B96EA8 /* PBXTargetDependency */ = {
			isa = PBXTargetDependency;
			target = 1EE6392A2006F5B800B96EA8 /* TipCalculator */;
			targetProxy = 1EE639402006F5BA00B96EA8 /* PBXContainerItemProxy */;
		};
		1EE6394C2006F5BA00B96EA8 /* PBXTargetDependency */ = {
			isa = PBXTargetDependency;
			target = 1EE6392A2006F5B800B96EA8 /* TipCalculator */;
			targetProxy = 1EE6394B2006F5BA00B96EA8 /* PBXContainerItemProxy */;
		};
/* End PBXTargetDependency section */

/* Begin PBXVariantGroup section */
		1EE639322006F5B900B96EA8 /* Main.storyboard */ = {
			isa = PBXVariantGroup;
			children = (
				1EE639332006F5B900B96EA8 /* Base */,
			);
			name = Main.storyboard;
			sourceTree = "<group>";
		};
		1EE639372006F5B900B96EA8 /* LaunchScreen.storyboard */ = {
			isa = PBXVariantGroup;
			children = (
				1EE639382006F5B900B96EA8 /* Base */,
			);
			name = LaunchScreen.storyboard;
			sourceTree = "<group>";
		};
/* End PBXVariantGroup section */

/* Begin XCBuildConfiguration section */
		1EE639512006F5BA00B96EA8 /* Debug */ = {
			isa = XCBuildConfiguration;
			buildSettings = {
				ALWAYS_SEARCH_USER_PATHS = NO;
				CLANG_ANALYZER_NONNULL = YES;
				CLANG_ANALYZER_NUMBER_OBJECT_CONVERSION = YES_AGGRESSIVE;
				CLANG_CXX_LANGUAGE_STANDARD = "gnu++0x";
				CLANG_CXX_LIBRARY = "libc++";
				CLANG_ENABLE_MODULES = YES;
				CLANG_ENABLE_OBJC_ARC = YES;
				CLANG_WARN_BOOL_CONVERSION = YES;
				CLANG_WARN_CONSTANT_CONVERSION = YES;
				CLANG_WARN_DIRECT_OBJC_ISA_USAGE = YES_ERROR;
				CLANG_WARN_DOCUMENTATION_COMMENTS = YES;
				CLANG_WARN_EMPTY_BODY = YES;
				CLANG_WARN_ENUM_CONVERSION = YES;
				CLANG_WARN_INFINITE_RECURSION = YES;
				CLANG_WARN_INT_CONVERSION = YES;
				CLANG_WARN_OBJC_ROOT_CLASS = YES_ERROR;
				CLANG_WARN_SUSPICIOUS_MOVE = YES;
				CLANG_WARN_UNREACHABLE_CODE = YES;
				CLANG_WARN__DUPLICATE_METHOD_MATCH = YES;
				"CODE_SIGN_IDENTITY[sdk=iphoneos*]" = "iPhone Developer";
				COPY_PHASE_STRIP = NO;
				DEBUG_INFORMATION_FORMAT = dwarf;
				ENABLE_STRICT_OBJC_MSGSEND = YES;
				ENABLE_TESTABILITY = YES;
				GCC_C_LANGUAGE_STANDARD = gnu99;
				GCC_DYNAMIC_NO_PIC = NO;
				GCC_NO_COMMON_BLOCKS = YES;
				GCC_OPTIMIZATION_LEVEL = 0;
				GCC_PREPROCESSOR_DEFINITIONS = (
					"DEBUG=1",
					"$(inherited)",
				);
				GCC_WARN_64_TO_32_BIT_CONVERSION = YES;
				GCC_WARN_ABOUT_RETURN_TYPE = YES_ERROR;
				GCC_WARN_UNDECLARED_SELECTOR = YES;
				GCC_WARN_UNINITIALIZED_AUTOS = YES_AGGRESSIVE;
				GCC_WARN_UNUSED_FUNCTION = YES;
				GCC_WARN_UNUSED_VARIABLE = YES;
				IPHONEOS_DEPLOYMENT_TARGET = 10.3;
				MTL_ENABLE_DEBUG_INFO = YES;
				ONLY_ACTIVE_ARCH = YES;
				SDKROOT = iphoneos;
				SWIFT_ACTIVE_COMPILATION_CONDITIONS = DEBUG;
				SWIFT_OPTIMIZATION_LEVEL = "-Onone";
				TARGETED_DEVICE_FAMILY = "1,2";
			};
			name = Debug;
		};
		1EE639522006F5BA00B96EA8 /* Release */ = {
			isa = XCBuildConfiguration;
			buildSettings = {
				ALWAYS_SEARCH_USER_PATHS = NO;
				CLANG_ANALYZER_NONNULL = YES;
				CLANG_ANALYZER_NUMBER_OBJECT_CONVERSION = YES_AGGRESSIVE;
				CLANG_CXX_LANGUAGE_STANDARD = "gnu++0x";
				CLANG_CXX_LIBRARY = "libc++";
				CLANG_ENABLE_MODULES = YES;
				CLANG_ENABLE_OBJC_ARC = YES;
				CLANG_WARN_BOOL_CONVERSION = YES;
				CLANG_WARN_CONSTANT_CONVERSION = YES;
				CLANG_WARN_DIRECT_OBJC_ISA_USAGE = YES_ERROR;
				CLANG_WARN_DOCUMENTATION_COMMENTS = YES;
				CLANG_WARN_EMPTY_BODY = YES;
				CLANG_WARN_ENUM_CONVERSION = YES;
				CLANG_WARN_INFINITE_RECURSION = YES;
				CLANG_WARN_INT_CONVERSION = YES;
				CLANG_WARN_OBJC_ROOT_CLASS = YES_ERROR;
				CLANG_WARN_SUSPICIOUS_MOVE = YES;
				CLANG_WARN_UNREACHABLE_CODE = YES;
				CLANG_WARN__DUPLICATE_METHOD_MATCH = YES;
				"CODE_SIGN_IDENTITY[sdk=iphoneos*]" = "iPhone Developer";
				COPY_PHASE_STRIP = NO;
				DEBUG_INFORMATION_FORMAT = "dwarf-with-dsym";
				ENABLE_NS_ASSERTIONS = NO;
				ENABLE_STRICT_OBJC_MSGSEND = YES;
				GCC_C_LANGUAGE_STANDARD = gnu99;
				GCC_NO_COMMON_BLOCKS = YES;
				GCC_WARN_64_TO_32_BIT_CONVERSION = YES;
				GCC_WARN_ABOUT_RETURN_TYPE = YES_ERROR;
				GCC_WARN_UNDECLARED_SELECTOR = YES;
				GCC_WARN_UNINITIALIZED_AUTOS = YES_AGGRESSIVE;
				GCC_WARN_UNUSED_FUNCTION = YES;
				GCC_WARN_UNUSED_VARIABLE = YES;
				IPHONEOS_DEPLOYMENT_TARGET = 10.3;
				MTL_ENABLE_DEBUG_INFO = NO;
				SDKROOT = iphoneos;
				SWIFT_OPTIMIZATION_LEVEL = "-Owholemodule";
				TARGETED_DEVICE_FAMILY = "1,2";
				VALIDATE_PRODUCT = YES;
			};
			name = Release;
		};
		1EE639542006F5BA00B96EA8 /* Debug */ = {
			isa = XCBuildConfiguration;
			buildSettings = {
				ASSETCATALOG_COMPILER_APPICON_NAME = AppIcon;
				INFOPLIST_FILE = TipCalculator/Info.plist;
				LD_RUNPATH_SEARCH_PATHS = "$(inherited) @executable_path/Frameworks";
				PRODUCT_BUNDLE_IDENTIFIER = HenryWilson.TipCalculator;
				PRODUCT_NAME = "$(TARGET_NAME)";
				SWIFT_VERSION = 3.0;
			};
			name = Debug;
		};
		1EE639552006F5BA00B96EA8 /* Release */ = {
			isa = XCBuildConfiguration;
			buildSettings = {
				ASSETCATALOG_COMPILER_APPICON_NAME = AppIcon;
				INFOPLIST_FILE = TipCalculator/Info.plist;
				LD_RUNPATH_SEARCH_PATHS = "$(inherited) @executable_path/Frameworks";
				PRODUCT_BUNDLE_IDENTIFIER = HenryWilson.TipCalculator;
				PRODUCT_NAME = "$(TARGET_NAME)";
				SWIFT_VERSION = 3.0;
			};
			name = Release;
		};
		1EE639572006F5BA00B96EA8 /* Debug */ = {
			isa = XCBuildConfiguration;
			buildSettings = {
				ALWAYS_EMBED_SWIFT_STANDARD_LIBRARIES = YES;
				BUNDLE_LOADER = "$(TEST_HOST)";
				INFOPLIST_FILE = TipCalculatorTests/Info.plist;
				LD_RUNPATH_SEARCH_PATHS = "$(inherited) @executable_path/Frameworks @loader_path/Frameworks";
				PRODUCT_BUNDLE_IDENTIFIER = HenryWilson.TipCalculatorTests;
				PRODUCT_NAME = "$(TARGET_NAME)";
				SWIFT_VERSION = 3.0;
				TEST_HOST = "$(BUILT_PRODUCTS_DIR)/TipCalculator.app/TipCalculator";
			};
			name = Debug;
		};
		1EE639582006F5BA00B96EA8 /* Release */ = {
			isa = XCBuildConfiguration;
			buildSettings = {
				ALWAYS_EMBED_SWIFT_STANDARD_LIBRARIES = YES;
				BUNDLE_LOADER = "$(TEST_HOST)";
				INFOPLIST_FILE = TipCalculatorTests/Info.plist;
				LD_RUNPATH_SEARCH_PATHS = "$(inherited) @executable_path/Frameworks @loader_path/Frameworks";
				PRODUCT_BUNDLE_IDENTIFIER = HenryWilson.TipCalculatorTests;
				PRODUCT_NAME = "$(TARGET_NAME)";
				SWIFT_VERSION = 3.0;
				TEST_HOST = "$(BUILT_PRODUCTS_DIR)/TipCalculator.app/TipCalculator";
			};
			name = Release;
		};
		1EE6395A2006F5BA00B96EA8 /* Debug */ = {
			isa = XCBuildConfiguration;
			buildSettings = {
				ALWAYS_EMBED_SWIFT_STANDARD_LIBRARIES = YES;
				INFOPLIST_FILE = TipCalculatorUITests/Info.plist;
				LD_RUNPATH_SEARCH_PATHS = "$(inherited) @executable_path/Frameworks @loader_path/Frameworks";
				PRODUCT_BUNDLE_IDENTIFIER = HenryWilson.TipCalculatorUITests;
				PRODUCT_NAME = "$(TARGET_NAME)";
				SWIFT_VERSION = 3.0;
				TEST_TARGET_NAME = TipCalculator;
			};
			name = Debug;
		};
		1EE6395B2006F5BA00B96EA8 /* Release */ = {
			isa = XCBuildConfiguration;
			buildSettings = {
				ALWAYS_EMBED_SWIFT_STANDARD_LIBRARIES = YES;
				INFOPLIST_FILE = TipCalculatorUITests/Info.plist;
				LD_RUNPATH_SEARCH_PATHS = "$(inherited) @executable_path/Frameworks @loader_path/Frameworks";
				PRODUCT_BUNDLE_IDENTIFIER = HenryWilson.TipCalculatorUITests;
				PRODUCT_NAME = "$(TARGET_NAME)";
				SWIFT_VERSION = 3.0;
				TEST_TARGET_NAME = TipCalculator;
			};
			name = Release;
		};
/* End XCBuildConfiguration section */

/* Begin XCConfigurationList section */
		1EE639262006F5B800B96EA8 /* Build configuration list for PBXProject "TipCalculator" */ = {
			isa = XCConfigurationList;
			buildConfigurations = (
				1EE639512006F5BA00B96EA8 /* Debug */,
				1EE639522006F5BA00B96EA8 /* Release */,
			);
			defaultConfigurationIsVisible = 0;
			defaultConfigurationName = Release;
		};
		1EE639532006F5BA00B96EA8 /* Build configuration list for PBXNativeTarget "TipCalculator" */ = {
			isa = XCConfigurationList;
			buildConfigurations = (
				1EE639542006F5BA00B96EA8 /* Debug */,
				1EE639552006F5BA00B96EA8 /* Release */,
			);
			defaultConfigurationIsVisible = 0;
		};
		1EE639562006F5BA00B96EA8 /* Build configuration list for PBXNativeTarget "TipCalculatorTests" */ = {
			isa = XCConfigurationList;
			buildConfigurations = (
				1EE639572006F5BA00B96EA8 /* Debug */,
				1EE639582006F5BA00B96EA8 /* Release */,
			);
			defaultConfigurationIsVisible = 0;
		};
		1EE639592006F5BA00B96EA8 /* Build configuration list for PBXNativeTarget "TipCalculatorUITests" */ = {
			isa = XCConfigurationList;
			buildConfigurations = (
				1EE6395A2006F5BA00B96EA8 /* Debug */,
				1EE6395B2006F5BA00B96EA8 /* Release */,
			);
			defaultConfigurationIsVisible = 0;
		};
/* End XCConfigurationList section */
	};
	rootObject = 1EE639232006F5B800B96EA8 /* Project object */;
}
